// !$*UTF8*$!
{
	archiveVersion = 1;
	classes = {
	};
	objectVersion = 50;
	objects = {

/* Begin PBXBuildFile section */
		85DC968E21FCC08500A08FB4 /* SearchData.swift in Sources */ = {isa = PBXBuildFile; fileRef = 85DC968D21FCC08500A08FB4 /* SearchData.swift */; };
		85DC969121FCE08500A08FB4 /* WordsTableViewCell.swift in Sources */ = {isa = PBXBuildFile; fileRef = 85DC969021FCE08500A08FB4 /* WordsTableViewCell.swift */; };
		85DC969721FD1CDA00A08FB4 /* CardView.swift in Sources */ = {isa = PBXBuildFile; fileRef = 85DC969621FD1CDA00A08FB4 /* CardView.swift */; };
		85F4411321F7D0DB007A40C4 /* AppDelegate.swift in Sources */ = {isa = PBXBuildFile; fileRef = 85F4411221F7D0DB007A40C4 /* AppDelegate.swift */; };
		85F4411521F7D0DB007A40C4 /* ViewController.swift in Sources */ = {isa = PBXBuildFile; fileRef = 85F4411421F7D0DB007A40C4 /* ViewController.swift */; };
		85F4411821F7D0DB007A40C4 /* Main.storyboard in Resources */ = {isa = PBXBuildFile; fileRef = 85F4411621F7D0DB007A40C4 /* Main.storyboard */; };
		85F4411A21F7D0DD007A40C4 /* Assets.xcassets in Resources */ = {isa = PBXBuildFile; fileRef = 85F4411921F7D0DD007A40C4 /* Assets.xcassets */; };
		85F4411D21F7D0DD007A40C4 /* LaunchScreen.storyboard in Resources */ = {isa = PBXBuildFile; fileRef = 85F4411B21F7D0DD007A40C4 /* LaunchScreen.storyboard */; };
		D7B500FC7B9E5707545A1F80 /* Pods_X_Search.framework in Frameworks */ = {isa = PBXBuildFile; fileRef = DBD36D5A27C4EC290572BC61 /* Pods_X_Search.framework */; };
/* End PBXBuildFile section */

/* Begin PBXFileReference section */
		4D10BB21B4115219D583D67A /* Pods-X-Search.release.xcconfig */ = {isa = PBXFileReference; includeInIndex = 1; lastKnownFileType = text.xcconfig; name = "Pods-X-Search.release.xcconfig"; path = "Target Support Files/Pods-X-Search/Pods-X-Search.release.xcconfig"; sourceTree = "<group>"; };
		85DC968D21FCC08500A08FB4 /* SearchData.swift */ = {isa = PBXFileReference; lastKnownFileType = sourcecode.swift; path = SearchData.swift; sourceTree = "<group>"; };
		85DC969021FCE08500A08FB4 /* WordsTableViewCell.swift */ = {isa = PBXFileReference; lastKnownFileType = sourcecode.swift; path = WordsTableViewCell.swift; sourceTree = "<group>"; };
		85DC969621FD1CDA00A08FB4 /* CardView.swift */ = {isa = PBXFileReference; fileEncoding = 4; lastKnownFileType = sourcecode.swift; path = CardView.swift; sourceTree = "<group>"; };
		85F4410F21F7D0DB007A40C4 /* X-Search.app */ = {isa = PBXFileReference; explicitFileType = wrapper.application; includeInIndex = 0; path = "X-Search.app"; sourceTree = BUILT_PRODUCTS_DIR; };
		85F4411221F7D0DB007A40C4 /* AppDelegate.swift */ = {isa = PBXFileReference; lastKnownFileType = sourcecode.swift; path = AppDelegate.swift; sourceTree = "<group>"; };
		85F4411421F7D0DB007A40C4 /* ViewController.swift */ = {isa = PBXFileReference; lastKnownFileType = sourcecode.swift; path = ViewController.swift; sourceTree = "<group>"; };
		85F4411721F7D0DB007A40C4 /* Base */ = {isa = PBXFileReference; lastKnownFileType = file.storyboard; name = Base; path = Base.lproj/Main.storyboard; sourceTree = "<group>"; };
		85F4411921F7D0DD007A40C4 /* Assets.xcassets */ = {isa = PBXFileReference; lastKnownFileType = folder.assetcatalog; path = Assets.xcassets; sourceTree = "<group>"; };
		85F4411C21F7D0DD007A40C4 /* Base */ = {isa = PBXFileReference; lastKnownFileType = file.storyboard; name = Base; path = Base.lproj/LaunchScreen.storyboard; sourceTree = "<group>"; };
		85F4411E21F7D0DD007A40C4 /* Info.plist */ = {isa = PBXFileReference; lastKnownFileType = text.plist.xml; path = Info.plist; sourceTree = "<group>"; };
		DA6881828F31E9A4121E5335 /* Pods-X-Search.debug.xcconfig */ = {isa = PBXFileReference; includeInIndex = 1; lastKnownFileType = text.xcconfig; name = "Pods-X-Search.debug.xcconfig"; path = "Target Support Files/Pods-X-Search/Pods-X-Search.debug.xcconfig"; sourceTree = "<group>"; };
		DBD36D5A27C4EC290572BC61 /* Pods_X_Search.framework */ = {isa = PBXFileReference; explicitFileType = wrapper.framework; includeInIndex = 0; path = Pods_X_Search.framework; sourceTree = BUILT_PRODUCTS_DIR; };
/* End PBXFileReference section */

/* Begin PBXFrameworksBuildPhase section */
		85F4410C21F7D0DB007A40C4 /* Frameworks */ = {
			isa = PBXFrameworksBuildPhase;
			buildActionMask = 2147483647;
			files = (
				D7B500FC7B9E5707545A1F80 /* Pods_X_Search.framework in Frameworks */,
			);
			runOnlyForDeploymentPostprocessing = 0;
		};
/* End PBXFrameworksBuildPhase section */

/* Begin PBXGroup section */
		00884E90B5FA737B513B7BAD /* Pods */ = {
			isa = PBXGroup;
			children = (
				DA6881828F31E9A4121E5335 /* Pods-X-Search.debug.xcconfig */,
				4D10BB21B4115219D583D67A /* Pods-X-Search.release.xcconfig */,
			);
			path = Pods;
			sourceTree = "<group>";
		};
		85D1389821F7E859008C0A43 /* Custom Cell */ = {
			isa = PBXGroup;
			children = (
				85DC969621FD1CDA00A08FB4 /* CardView.swift */,
			);
			path = "Custom Cell";
			sourceTree = "<group>";
		};
		85D1389921F7E877008C0A43 /* View */ = {
			isa = PBXGroup;
			children = (
				85F4411621F7D0DB007A40C4 /* Main.storyboard */,
				85F4411B21F7D0DD007A40C4 /* LaunchScreen.storyboard */,
			);
			path = View;
			sourceTree = "<group>";
		};
		85D1389A21F7E887008C0A43 /* Controller */ = {
			isa = PBXGroup;
			children = (
				85DC969021FCE08500A08FB4 /* WordsTableViewCell.swift */,
				85F4411421F7D0DB007A40C4 /* ViewController.swift */,
			);
			path = Controller;
			sourceTree = "<group>";
		};
		85DC968F21FCC09300A08FB4 /* Model */ = {
			isa = PBXGroup;
			children = (
				85DC968D21FCC08500A08FB4 /* SearchData.swift */,
			);
			path = Model;
			sourceTree = "<group>";
		};
		85F4410621F7D0DB007A40C4 = {
			isa = PBXGroup;
			children = (
				85F4411121F7D0DB007A40C4 /* X-Search */,
				85F4411021F7D0DB007A40C4 /* Products */,
				00884E90B5FA737B513B7BAD /* Pods */,
				D4CB8897A451460FFFB8ABEB /* Frameworks */,
			);
			sourceTree = "<group>";
		};
		85F4411021F7D0DB007A40C4 /* Products */ = {
			isa = PBXGroup;
			children = (
				85F4410F21F7D0DB007A40C4 /* X-Search.app */,
			);
			name = Products;
			sourceTree = "<group>";
		};
		85F4411121F7D0DB007A40C4 /* X-Search */ = {
			isa = PBXGroup;
			children = (
				85F4411221F7D0DB007A40C4 /* AppDelegate.swift */,
				85DC968F21FCC09300A08FB4 /* Model */,
				85D1389921F7E877008C0A43 /* View */,
				85D1389A21F7E887008C0A43 /* Controller */,
				85D1389821F7E859008C0A43 /* Custom Cell */,
				85F4411921F7D0DD007A40C4 /* Assets.xcassets */,
				85F4411E21F7D0DD007A40C4 /* Info.plist */,
			);
			path = "X-Search";
			sourceTree = "<group>";
		};
		D4CB8897A451460FFFB8ABEB /* Frameworks */ = {
			isa = PBXGroup;
			children = (
				DBD36D5A27C4EC290572BC61 /* Pods_X_Search.framework */,
			);
			name = Frameworks;
			sourceTree = "<group>";
		};
/* End PBXGroup section */

/* Begin PBXNativeTarget section */
		85F4410E21F7D0DB007A40C4 /* X-Search */ = {
			isa = PBXNativeTarget;
			buildConfigurationList = 85F4412121F7D0DD007A40C4 /* Build configuration list for PBXNativeTarget "X-Search" */;
			buildPhases = (
				C4A1D479F1E989EFCB2A1014 /* [CP] Check Pods Manifest.lock */,
				85F4410B21F7D0DB007A40C4 /* Sources */,
				85F4410C21F7D0DB007A40C4 /* Frameworks */,
				85F4410D21F7D0DB007A40C4 /* Resources */,
				2264EA9FDC630198136A6D78 /* [CP] Embed Pods Frameworks */,
			);
			buildRules = (
			);
			dependencies = (
			);
			name = "X-Search";
			productName = "X-Search";
			productReference = 85F4410F21F7D0DB007A40C4 /* X-Search.app */;
			productType = "com.apple.product-type.application";
		};
/* End PBXNativeTarget section */

/* Begin PBXProject section */
		85F4410721F7D0DB007A40C4 /* Project object */ = {
			isa = PBXProject;
			attributes = {
				LastSwiftUpdateCheck = 1010;
				LastUpgradeCheck = 1010;
				ORGANIZATIONNAME = "Joshua Okoro";
				TargetAttributes = {
					85F4410E21F7D0DB007A40C4 = {
						CreatedOnToolsVersion = 10.1;
					};
				};
			};
			buildConfigurationList = 85F4410A21F7D0DB007A40C4 /* Build configuration list for PBXProject "X-Search" */;
			compatibilityVersion = "Xcode 9.3";
			developmentRegion = en;
			hasScannedForEncodings = 0;
			knownRegions = (
				en,
				Base,
			);
			mainGroup = 85F4410621F7D0DB007A40C4;
			productRefGroup = 85F4411021F7D0DB007A40C4 /* Products */;
			projectDirPath = "";
			projectRoot = "";
			targets = (
				85F4410E21F7D0DB007A40C4 /* X-Search */,
			);
		};
/* End PBXProject section */

/* Begin PBXResourcesBuildPhase section */
		85F4410D21F7D0DB007A40C4 /* Resources */ = {
			isa = PBXResourcesBuildPhase;
			buildActionMask = 2147483647;
			files = (
				85F4411D21F7D0DD007A40C4 /* LaunchScreen.storyboard in Resources */,
				85F4411A21F7D0DD007A40C4 /* Assets.xcassets in Resources */,
				85F4411821F7D0DB007A40C4 /* Main.storyboard in Resources */,
			);
			runOnlyForDeploymentPostprocessing = 0;
		};
/* End PBXResourcesBuildPhase section */

/* Begin PBXShellScriptBuildPhase section */
		2264EA9FDC630198136A6D78 /* [CP] Embed Pods Frameworks */ = {
			isa = PBXShellScriptBuildPhase;
			buildActionMask = 2147483647;
			files = (
			);
			inputFileListPaths = (
			);
			inputPaths = (
				"${PODS_ROOT}/Target Support Files/Pods-X-Search/Pods-X-Search-frameworks.sh",
				"${BUILT_PRODUCTS_DIR}/Alamofire/Alamofire.framework",
				"${BUILT_PRODUCTS_DIR}/SwiftyJSON/SwiftyJSON.framework",
			);
			name = "[CP] Embed Pods Frameworks";
			outputFileListPaths = (
			);
			outputPaths = (
				"${TARGET_BUILD_DIR}/${FRAMEWORKS_FOLDER_PATH}/Alamofire.framework",
				"${TARGET_BUILD_DIR}/${FRAMEWORKS_FOLDER_PATH}/SwiftyJSON.framework",
			);
			runOnlyForDeploymentPostprocessing = 0;
			shellPath = /bin/sh;
			shellScript = "\"${PODS_ROOT}/Target Support Files/Pods-X-Search/Pods-X-Search-frameworks.sh\"\n";
			showEnvVarsInLog = 0;
		};
		C4A1D479F1E989EFCB2A1014 /* [CP] Check Pods Manifest.lock */ = {
			isa = PBXShellScriptBuildPhase;
			buildActionMask = 2147483647;
			files = (
			);
			inputFileListPaths = (
			);
			inputPaths = (
				"${PODS_PODFILE_DIR_PATH}/Podfile.lock",
				"${PODS_ROOT}/Manifest.lock",
			);
			name = "[CP] Check Pods Manifest.lock";
			outputFileListPaths = (
			);
			outputPaths = (
				"$(DERIVED_FILE_DIR)/Pods-X-Search-checkManifestLockResult.txt",
			);
			runOnlyForDeploymentPostprocessing = 0;
			shellPath = /bin/sh;
			shellScript = "diff \"${PODS_PODFILE_DIR_PATH}/Podfile.lock\" \"${PODS_ROOT}/Manifest.lock\" > /dev/null\nif [ $? != 0 ] ; then\n    # print error to STDERR\n    echo \"error: The sandbox is not in sync with the Podfile.lock. Run 'pod install' or update your CocoaPods installation.\" >&2\n    exit 1\nfi\n# This output is used by Xcode 'outputs' to avoid re-running this script phase.\necho \"SUCCESS\" > \"${SCRIPT_OUTPUT_FILE_0}\"\n";
			showEnvVarsInLog = 0;
		};
/* End PBXShellScriptBuildPhase section */

/* Begin PBXSourcesBuildPhase section */
		85F4410B21F7D0DB007A40C4 /* Sources */ = {
			isa = PBXSourcesBuildPhase;
			buildActionMask = 2147483647;
			files = (
				85DC968E21FCC08500A08FB4 /* SearchData.swift in Sources */,
				85DC969121FCE08500A08FB4 /* WordsTableViewCell.swift in Sources */,
				85F4411521F7D0DB007A40C4 /* ViewController.swift in Sources */,
				85F4411321F7D0DB007A40C4 /* AppDelegate.swift in Sources */,
				85DC969721FD1CDA00A08FB4 /* CardView.swift in Sources */,
			);
			runOnlyForDeploymentPostprocessing = 0;
		};
/* End PBXSourcesBuildPhase section */

/* Begin PBXVariantGroup section */
		85F4411621F7D0DB007A40C4 /* Main.storyboard */ = {
			isa = PBXVariantGroup;
			children = (
				85F4411721F7D0DB007A40C4 /* Base */,
			);
			name = Main.storyboard;
			sourceTree = "<group>";
		};
		85F4411B21F7D0DD007A40C4 /* LaunchScreen.storyboard */ = {
			isa = PBXVariantGroup;
			children = (
				85F4411C21F7D0DD007A40C4 /* Base */,
			);
			name = LaunchScreen.storyboard;
			sourceTree = "<group>";
		};
/* End PBXVariantGroup section */

/* Begin XCBuildConfiguration section */
		85F4411F21F7D0DD007A40C4 /* Debug */ = {
			isa = XCBuildConfiguration;
			buildSettings = {
				ALWAYS_SEARCH_USER_PATHS = NO;
				CLANG_ANALYZER_NONNULL = YES;
				CLANG_ANALYZER_NUMBER_OBJECT_CONVERSION = YES_AGGRESSIVE;
				CLANG_CXX_LANGUAGE_STANDARD = "gnu++14";
				CLANG_CXX_LIBRARY = "libc++";
				CLANG_ENABLE_MODULES = YES;
				CLANG_ENABLE_OBJC_ARC = YES;
				CLANG_ENABLE_OBJC_WEAK = YES;
				CLANG_WARN_BLOCK_CAPTURE_AUTORELEASING = YES;
				CLANG_WARN_BOOL_CONVERSION = YES;
				CLANG_WARN_COMMA = YES;
				CLANG_WARN_CONSTANT_CONVERSION = YES;
				CLANG_WARN_DEPRECATED_OBJC_IMPLEMENTATIONS = YES;
				CLANG_WARN_DIRECT_OBJC_ISA_USAGE = YES_ERROR;
				CLANG_WARN_DOCUMENTATION_COMMENTS = YES;
				CLANG_WARN_EMPTY_BODY = YES;
				CLANG_WARN_ENUM_CONVERSION = YES;
				CLANG_WARN_INFINITE_RECURSION = YES;
				CLANG_WARN_INT_CONVERSION = YES;
				CLANG_WARN_NON_LITERAL_NULL_CONVERSION = YES;
				CLANG_WARN_OBJC_IMPLICIT_RETAIN_SELF = YES;
				CLANG_WARN_OBJC_LITERAL_CONVERSION = YES;
				CLANG_WARN_OBJC_ROOT_CLASS = YES_ERROR;
				CLANG_WARN_RANGE_LOOP_ANALYSIS = YES;
				CLANG_WARN_STRICT_PROTOTYPES = YES;
				CLANG_WARN_SUSPICIOUS_MOVE = YES;
				CLANG_WARN_UNGUARDED_AVAILABILITY = YES_AGGRESSIVE;
				CLANG_WARN_UNREACHABLE_CODE = YES;
				CLANG_WARN__DUPLICATE_METHOD_MATCH = YES;
				CODE_SIGN_IDENTITY = "iPhone Developer";
				COPY_PHASE_STRIP = NO;
				DEBUG_INFORMATION_FORMAT = dwarf;
				ENABLE_STRICT_OBJC_MSGSEND = YES;
				ENABLE_TESTABILITY = YES;
				GCC_C_LANGUAGE_STANDARD = gnu11;
				GCC_DYNAMIC_NO_PIC = NO;
				GCC_NO_COMMON_BLOCKS = YES;
				GCC_OPTIMIZATION_LEVEL = 0;
				GCC_PREPROCESSOR_DEFINITIONS = (
					"DEBUG=1",
					"$(inherited)",
				);
				GCC_WARN_64_TO_32_BIT_CONVERSION = YES;
				GCC_WARN_ABOUT_RETURN_TYPE = YES_ERROR;
				GCC_WARN_UNDECLARED_SELECTOR = YES;
				GCC_WARN_UNINITIALIZED_AUTOS = YES_AGGRESSIVE;
				GCC_WARN_UNUSED_FUNCTION = YES;
				GCC_WARN_UNUSED_VARIABLE = YES;
				IPHONEOS_DEPLOYMENT_TARGET = 12.1;
				MTL_ENABLE_DEBUG_INFO = INCLUDE_SOURCE;
				MTL_FAST_MATH = YES;
				ONLY_ACTIVE_ARCH = YES;
				SDKROOT = iphoneos;
				SWIFT_ACTIVE_COMPILATION_CONDITIONS = DEBUG;
				SWIFT_OPTIMIZATION_LEVEL = "-Onone";
			};
			name = Debug;
		};
		85F4412021F7D0DD007A40C4 /* Release */ = {
			isa = XCBuildConfiguration;
			buildSettings = {
				ALWAYS_SEARCH_USER_PATHS = NO;
				CLANG_ANALYZER_NONNULL = YES;
				CLANG_ANALYZER_NUMBER_OBJECT_CONVERSION = YES_AGGRESSIVE;
				CLANG_CXX_LANGUAGE_STANDARD = "gnu++14";
				CLANG_CXX_LIBRARY = "libc++";
				CLANG_ENABLE_MODULES = YES;
				CLANG_ENABLE_OBJC_ARC = YES;
				CLANG_ENABLE_OBJC_WEAK = YES;
				CLANG_WARN_BLOCK_CAPTURE_AUTORELEASING = YES;
				CLANG_WARN_BOOL_CONVERSION = YES;
				CLANG_WARN_COMMA = YES;
				CLANG_WARN_CONSTANT_CONVERSION = YES;
				CLANG_WARN_DEPRECATED_OBJC_IMPLEMENTATIONS = YES;
				CLANG_WARN_DIRECT_OBJC_ISA_USAGE = YES_ERROR;
				CLANG_WARN_DOCUMENTATION_COMMENTS = YES;
				CLANG_WARN_EMPTY_BODY = YES;
				CLANG_WARN_ENUM_CONVERSION = YES;
				CLANG_WARN_INFINITE_RECURSION = YES;
				CLANG_WARN_INT_CONVERSION = YES;
				CLANG_WARN_NON_LITERAL_NULL_CONVERSION = YES;
				CLANG_WARN_OBJC_IMPLICIT_RETAIN_SELF = YES;
				CLANG_WARN_OBJC_LITERAL_CONVERSION = YES;
				CLANG_WARN_OBJC_ROOT_CLASS = YES_ERROR;
				CLANG_WARN_RANGE_LOOP_ANALYSIS = YES;
				CLANG_WARN_STRICT_PROTOTYPES = YES;
				CLANG_WARN_SUSPICIOUS_MOVE = YES;
				CLANG_WARN_UNGUARDED_AVAILABILITY = YES_AGGRESSIVE;
				CLANG_WARN_UNREACHABLE_CODE = YES;
				CLANG_WARN__DUPLICATE_METHOD_MATCH = YES;
				CODE_SIGN_IDENTITY = "iPhone Developer";
				COPY_PHASE_STRIP = NO;
				DEBUG_INFORMATION_FORMAT = "dwarf-with-dsym";
				ENABLE_NS_ASSERTIONS = NO;
				ENABLE_STRICT_OBJC_MSGSEND = YES;
				GCC_C_LANGUAGE_STANDARD = gnu11;
				GCC_NO_COMMON_BLOCKS = YES;
				GCC_WARN_64_TO_32_BIT_CONVERSION = YES;
				GCC_WARN_ABOUT_RETURN_TYPE = YES_ERROR;
				GCC_WARN_UNDECLARED_SELECTOR = YES;
				GCC_WARN_UNINITIALIZED_AUTOS = YES_AGGRESSIVE;
				GCC_WARN_UNUSED_FUNCTION = YES;
				GCC_WARN_UNUSED_VARIABLE = YES;
				IPHONEOS_DEPLOYMENT_TARGET = 12.1;
				MTL_ENABLE_DEBUG_INFO = NO;
				MTL_FAST_MATH = YES;
				SDKROOT = iphoneos;
				SWIFT_COMPILATION_MODE = wholemodule;
				SWIFT_OPTIMIZATION_LEVEL = "-O";
				VALIDATE_PRODUCT = YES;
			};
			name = Release;
		};
		85F4412221F7D0DD007A40C4 /* Debug */ = {
			isa = XCBuildConfiguration;
			baseConfigurationReference = DA6881828F31E9A4121E5335 /* Pods-X-Search.debug.xcconfig */;
			buildSettings = {
				ASSETCATALOG_COMPILER_APPICON_NAME = AppIcon;
				CODE_SIGN_STYLE = Automatic;
				DEVELOPMENT_TEAM = 2AR3MJC486;
				INFOPLIST_FILE = "X-Search/Info.plist";
				LD_RUNPATH_SEARCH_PATHS = (
					"$(inherited)",
					"@executable_path/Frameworks",
				);
				PRODUCT_BUNDLE_IDENTIFIER = "com.tru.X-Search";
				PRODUCT_NAME = "$(TARGET_NAME)";
				SWIFT_VERSION = 4.2;
				TARGETED_DEVICE_FAMILY = 1;
			};
			name = Debug;
		};
		85F4412321F7D0DD007A40C4 /* Release */ = {
			isa = XCBuildConfiguration;
			baseConfigurationReference = 4D10BB21B4115219D583D67A /* Pods-X-Search.release.xcconfig */;
			buildSettings = {
				ASSETCATALOG_COMPILER_APPICON_NAME = AppIcon;
				CODE_SIGN_STYLE = Automatic;
				DEVELOPMENT_TEAM = 2AR3MJC486;
				INFOPLIST_FILE = "X-Search/Info.plist";
				LD_RUNPATH_SEARCH_PATHS = (
					"$(inherited)",
					"@executable_path/Frameworks",
				);
				PRODUCT_BUNDLE_IDENTIFIER = "com.tru.X-Search";
				PRODUCT_NAME = "$(TARGET_NAME)";
				SWIFT_VERSION = 4.2;
				TARGETED_DEVICE_FAMILY = 1;
			};
			name = Release;
		};
/* End XCBuildConfiguration section */

/* Begin XCConfigurationList section */
		85F4410A21F7D0DB007A40C4 /* Build configuration list for PBXProject "X-Search" */ = {
			isa = XCConfigurationList;
			buildConfigurations = (
				85F4411F21F7D0DD007A40C4 /* Debug */,
				85F4412021F7D0DD007A40C4 /* Release */,
			);
			defaultConfigurationIsVisible = 0;
			defaultConfigurationName = Release;
		};
		85F4412121F7D0DD007A40C4 /* Build configuration list for PBXNativeTarget "X-Search" */ = {
			isa = XCConfigurationList;
			buildConfigurations = (
				85F4412221F7D0DD007A40C4 /* Debug */,
				85F4412321F7D0DD007A40C4 /* Release */,
			);
			defaultConfigurationIsVisible = 0;
			defaultConfigurationName = Release;
		};
/* End XCConfigurationList section */
	};
	rootObject = 85F4410721F7D0DB007A40C4 /* Project object */;
}
